
Microsoft Visual Studio Solution File, Format Version 12.00
# Visual Studio Version 16
VisualStudioVersion = 16.0.33927.289
MinimumVisualStudioVersion = 10.0.40219.1
Project("{803FD0C6-D64E-4E16-9DC3-1DAEC859A3D2}") = "HOMEANDA-24ChannelLightController", "HOMEANDA-24ChannelLightController.vgdbproj", "{215CD784-665A-455D-862E-96634747D987}"
EndProject
Global
	GlobalSection(SolutionConfigurationPlatforms) = preSolution
		Debug|VisualGDB = Debug|VisualGDB
		Release|VisualGDB = Release|VisualGDB
	EndGlobalSection
	GlobalSection(ProjectConfigurationPlatforms) = postSolution
		{215CD784-665A-455D-862E-96634747D987}.Debug|VisualGDB.ActiveCfg = Debug|VisualGDB
		{215CD784-665A-455D-862E-96634747D987}.Debug|VisualGDB.Build.0 = Debug|VisualGDB
		{215CD784-665A-455D-862E-96634747D987}.Release|VisualGDB.ActiveCfg = Release|VisualGDB
		{215CD784-665A-455D-862E-96634747D987}.Release|VisualGDB.Build.0 = Release|VisualGDB
	EndGlobalSection
	GlobalSection(SolutionProperties) = preSolution
		HideSolutionNode = FALSE
	EndGlobalSection
	GlobalSection(ExtensibilityGlobals) = postSolution
		SolutionGuid = {4155B5EA-8277-4A65-BD6D-0A81B60402BC}
	EndGlobalSection
EndGlobal
